
Microsoft Visual Studio Solution File, Format Version 12.00
# Visual Studio Version 17
VisualStudioVersion = 17.5.33516.290
MinimumVisualStudioVersion = 10.0.40219.1
Project("{FAE04EC0-301F-11D3-BF4B-00C04F79EFBC}") = "01.Vehicles", "01.Vehicles\01.Vehicles.csproj", "{6EBDC36A-5B48-4008-83A0-4CD4516C9425}"
EndProject
Project("{FAE04EC0-301F-11D3-BF4B-00C04F79EFBC}") = "VehicleProba", "VehicleProba\VehicleProba.csproj", "{8F66D414-6988-4C94-86E0-3E3467795586}"
EndProject
Global
	GlobalSection(SolutionConfigurationPlatforms) = preSolution
		Debug|Any CPU = Debug|Any CPU
		Release|Any CPU = Release|Any CPU
	EndGlobalSection
	GlobalSection(ProjectConfigurationPlatforms) = postSolution
		{6EBDC36A-5B48-4008-83A0-4CD4516C9425}.Debug|Any CPU.ActiveCfg = Debug|Any CPU
		{6EBDC36A-5B48-4008-83A0-4CD4516C9425}.Debug|Any CPU.Build.0 = Debug|Any CPU
		{6EBDC36A-5B48-4008-83A0-4CD4516C9425}.Release|Any CPU.ActiveCfg = Release|Any CPU
		{6EBDC36A-5B48-4008-83A0-4CD4516C9425}.Release|Any CPU.Build.0 = Release|Any CPU
		{8F66D414-6988-4C94-86E0-3E3467795586}.Debug|Any CPU.ActiveCfg = Debug|Any CPU
		{8F66D414-6988-4C94-86E0-3E3467795586}.Debug|Any CPU.Build.0 = Debug|Any CPU
		{8F66D414-6988-4C94-86E0-3E3467795586}.Release|Any CPU.ActiveCfg = Release|Any CPU
		{8F66D414-6988-4C94-86E0-3E3467795586}.Release|Any CPU.Build.0 = Release|Any CPU
	EndGlobalSection
	GlobalSection(SolutionProperties) = preSolution
		HideSolutionNode = FALSE
	EndGlobalSection
	GlobalSection(ExtensibilityGlobals) = postSolution
		SolutionGuid = {2FAE5DA0-13EC-4DFC-9041-1D2055A0136E}
	EndGlobalSection
EndGlobal
