
Microsoft Visual Studio Solution File, Format Version 12.00
# Visual Studio Version 17
VisualStudioVersion = 17.5.33516.290
MinimumVisualStudioVersion = 10.0.40219.1
Project("{FAE04EC0-301F-11D3-BF4B-00C04F79EFBC}") = "01.CommandPattern", "01.CommandPattern\01.CommandPattern.csproj", "{EFD16602-0ED6-405A-BCE5-AE7FA7744B5B}"
EndProject
Project("{FAE04EC0-301F-11D3-BF4B-00C04F79EFBC}") = "02.ValidationAttributes", "02.ValidationAttributes\02.ValidationAttributes.csproj", "{D4A21948-35E0-43DC-B4DE-032851EC56A9}"
EndProject
Global
	GlobalSection(SolutionConfigurationPlatforms) = preSolution
		Debug|Any CPU = Debug|Any CPU
		Release|Any CPU = Release|Any CPU
	EndGlobalSection
	GlobalSection(ProjectConfigurationPlatforms) = postSolution
		{EFD16602-0ED6-405A-BCE5-AE7FA7744B5B}.Debug|Any CPU.ActiveCfg = Debug|Any CPU
		{EFD16602-0ED6-405A-BCE5-AE7FA7744B5B}.Debug|Any CPU.Build.0 = Debug|Any CPU
		{EFD16602-0ED6-405A-BCE5-AE7FA7744B5B}.Release|Any CPU.ActiveCfg = Release|Any CPU
		{EFD16602-0ED6-405A-BCE5-AE7FA7744B5B}.Release|Any CPU.Build.0 = Release|Any CPU
		{D4A21948-35E0-43DC-B4DE-032851EC56A9}.Debug|Any CPU.ActiveCfg = Debug|Any CPU
		{D4A21948-35E0-43DC-B4DE-032851EC56A9}.Debug|Any CPU.Build.0 = Debug|Any CPU
		{D4A21948-35E0-43DC-B4DE-032851EC56A9}.Release|Any CPU.ActiveCfg = Release|Any CPU
		{D4A21948-35E0-43DC-B4DE-032851EC56A9}.Release|Any CPU.Build.0 = Release|Any CPU
	EndGlobalSection
	GlobalSection(SolutionProperties) = preSolution
		HideSolutionNode = FALSE
	EndGlobalSection
	GlobalSection(ExtensibilityGlobals) = postSolution
		SolutionGuid = {1520991D-9DAF-4DEC-904C-054851BDC948}
	EndGlobalSection
EndGlobal
